
Microsoft Visual Studio Solution File, Format Version 12.00
# Visual Studio Version 17
VisualStudioVersion = 17.10.35122.118
MinimumVisualStudioVersion = 10.0.40219.1
Project("{9A19103F-16F7-4668-BE54-9A1E7A4F7556}") = "pa_los_numeros", "pa_los_numeros\pa_los_numeros.csproj", "{B8E35B1A-8526-4741-8E25-657A4827C899}"
EndProject
Global
	GlobalSection(SolutionConfigurationPlatforms) = preSolution
		Debug|Any CPU = Debug|Any CPU
		Release|Any CPU = Release|Any CPU
	EndGlobalSection
	GlobalSection(ProjectConfigurationPlatforms) = postSolution
		{B8E35B1A-8526-4741-8E25-657A4827C899}.Debug|Any CPU.ActiveCfg = Debug|Any CPU
		{B8E35B1A-8526-4741-8E25-657A4827C899}.Debug|Any CPU.Build.0 = Debug|Any CPU
		{B8E35B1A-8526-4741-8E25-657A4827C899}.Release|Any CPU.ActiveCfg = Release|Any CPU
		{B8E35B1A-8526-4741-8E25-657A4827C899}.Release|Any CPU.Build.0 = Release|Any CPU
	EndGlobalSection
	GlobalSection(SolutionProperties) = preSolution
		HideSolutionNode = FALSE
	EndGlobalSection
	GlobalSection(ExtensibilityGlobals) = postSolution
		SolutionGuid = {C91AC804-53E9-4273-8FA9-869DF8629BEA}
	EndGlobalSection
EndGlobal
